// !$*UTF8*$!
{
	archiveVersion = 1;
	classes = {
	};
	objectVersion = 50;
	objects = {

/* Begin PBXBuildFile section */
		FA5BA569221E5ABC00EA12BE /* AppDelegate.m in Sources */ = {isa = PBXBuildFile; fileRef = FA5BA568221E5ABC00EA12BE /* AppDelegate.m */; };
		FA5BA56C221E5ABD00EA12BE /* ViewController.m in Sources */ = {isa = PBXBuildFile; fileRef = FA5BA56B221E5ABD00EA12BE /* ViewController.m */; };
		FA5BA56F221E5ABD00EA12BE /* Main.storyboard in Resources */ = {isa = PBXBuildFile; fileRef = FA5BA56D221E5ABD00EA12BE /* Main.storyboard */; };
		FA5BA571221E5ABE00EA12BE /* Assets.xcassets in Resources */ = {isa = PBXBuildFile; fileRef = FA5BA570221E5ABE00EA12BE /* Assets.xcassets */; };
		FA5BA574221E5ABE00EA12BE /* LaunchScreen.storyboard in Resources */ = {isa = PBXBuildFile; fileRef = FA5BA572221E5ABE00EA12BE /* LaunchScreen.storyboard */; };
		FA5BA577221E5ABE00EA12BE /* main.m in Sources */ = {isa = PBXBuildFile; fileRef = FA5BA576221E5ABE00EA12BE /* main.m */; };
		FA5BA581221E5ABE00EA12BE /* RetainCycle_fangTests.m in Sources */ = {isa = PBXBuildFile; fileRef = FA5BA580221E5ABE00EA12BE /* RetainCycle_fangTests.m */; };
		FA5BA58C221E5ABE00EA12BE /* RetainCycle_fangUITests.m in Sources */ = {isa = PBXBuildFile; fileRef = FA5BA58B221E5ABE00EA12BE /* RetainCycle_fangUITests.m */; };
		FA5BA5AB221E9C7900EA12BE /* FBClassStrongLayout.mm in Sources */ = {isa = PBXBuildFile; fileRef = FA5BA5AA221E9C7900EA12BE /* FBClassStrongLayout.mm */; };
		FABF1DAC222170710019E2EA /* FBIvarReference.m in Sources */ = {isa = PBXBuildFile; fileRef = FABF1DAB222170710019E2EA /* FBIvarReference.m */; };
		FABF1DB2222178E20019E2EA /* FBObjectInStructReference.m in Sources */ = {isa = PBXBuildFile; fileRef = FABF1DB1222178E20019E2EA /* FBObjectInStructReference.m */; };
		FABF1DB422217D5F0019E2EA /* FBStructEncodingParser.mm in Sources */ = {isa = PBXBuildFile; fileRef = FABF1DB322217D5F0019E2EA /* FBStructEncodingParser.mm */; };
		FABF1DB822217DF70019E2EA /* Struct.mm in Sources */ = {isa = PBXBuildFile; fileRef = FABF1DB722217DF70019E2EA /* Struct.mm */; };
/* End PBXBuildFile section */

/* Begin PBXContainerItemProxy section */
		FA5BA57D221E5ABE00EA12BE /* PBXContainerItemProxy */ = {
			isa = PBXContainerItemProxy;
			containerPortal = FA5BA55C221E5ABC00EA12BE /* Project object */;
			proxyType = 1;
			remoteGlobalIDString = FA5BA563221E5ABC00EA12BE;
			remoteInfo = RetainCycle_fang;
		};
		FA5BA588221E5ABE00EA12BE /* PBXContainerItemProxy */ = {
			isa = PBXContainerItemProxy;
			containerPortal = FA5BA55C221E5ABC00EA12BE /* Project object */;
			proxyType = 1;
			remoteGlobalIDString = FA5BA563221E5ABC00EA12BE;
			remoteInfo = RetainCycle_fang;
		};
/* End PBXContainerItemProxy section */

/* Begin PBXFileReference section */
		FA5BA564221E5ABC00EA12BE /* RetainCycle_fang.app */ = {isa = PBXFileReference; explicitFileType = wrapper.application; includeInIndex = 0; path = RetainCycle_fang.app; sourceTree = BUILT_PRODUCTS_DIR; };
		FA5BA567221E5ABC00EA12BE /* AppDelegate.h */ = {isa = PBXFileReference; lastKnownFileType = sourcecode.c.h; path = AppDelegate.h; sourceTree = "<group>"; };
		FA5BA568221E5ABC00EA12BE /* AppDelegate.m */ = {isa = PBXFileReference; lastKnownFileType = sourcecode.c.objc; path = AppDelegate.m; sourceTree = "<group>"; };
		FA5BA56A221E5ABD00EA12BE /* ViewController.h */ = {isa = PBXFileReference; lastKnownFileType = sourcecode.c.h; path = ViewController.h; sourceTree = "<group>"; };
		FA5BA56B221E5ABD00EA12BE /* ViewController.m */ = {isa = PBXFileReference; lastKnownFileType = sourcecode.c.objc; path = ViewController.m; sourceTree = "<group>"; };
		FA5BA56E221E5ABD00EA12BE /* Base */ = {isa = PBXFileReference; lastKnownFileType = file.storyboard; name = Base; path = Base.lproj/Main.storyboard; sourceTree = "<group>"; };
		FA5BA570221E5ABE00EA12BE /* Assets.xcassets */ = {isa = PBXFileReference; lastKnownFileType = folder.assetcatalog; path = Assets.xcassets; sourceTree = "<group>"; };
		FA5BA573221E5ABE00EA12BE /* Base */ = {isa = PBXFileReference; lastKnownFileType = file.storyboard; name = Base; path = Base.lproj/LaunchScreen.storyboard; sourceTree = "<group>"; };
		FA5BA575221E5ABE00EA12BE /* Info.plist */ = {isa = PBXFileReference; lastKnownFileType = text.plist.xml; path = Info.plist; sourceTree = "<group>"; };
		FA5BA576221E5ABE00EA12BE /* main.m */ = {isa = PBXFileReference; lastKnownFileType = sourcecode.c.objc; path = main.m; sourceTree = "<group>"; };
		FA5BA57C221E5ABE00EA12BE /* RetainCycle_fangTests.xctest */ = {isa = PBXFileReference; explicitFileType = wrapper.cfbundle; includeInIndex = 0; path = RetainCycle_fangTests.xctest; sourceTree = BUILT_PRODUCTS_DIR; };
		FA5BA580221E5ABE00EA12BE /* RetainCycle_fangTests.m */ = {isa = PBXFileReference; lastKnownFileType = sourcecode.c.objc; path = RetainCycle_fangTests.m; sourceTree = "<group>"; };
		FA5BA582221E5ABE00EA12BE /* Info.plist */ = {isa = PBXFileReference; lastKnownFileType = text.plist.xml; path = Info.plist; sourceTree = "<group>"; };
		FA5BA587221E5ABE00EA12BE /* RetainCycle_fangUITests.xctest */ = {isa = PBXFileReference; explicitFileType = wrapper.cfbundle; includeInIndex = 0; path = RetainCycle_fangUITests.xctest; sourceTree = BUILT_PRODUCTS_DIR; };
		FA5BA58B221E5ABE00EA12BE /* RetainCycle_fangUITests.m */ = {isa = PBXFileReference; lastKnownFileType = sourcecode.c.objc; path = RetainCycle_fangUITests.m; sourceTree = "<group>"; };
		FA5BA58D221E5ABE00EA12BE /* Info.plist */ = {isa = PBXFileReference; lastKnownFileType = text.plist.xml; path = Info.plist; sourceTree = "<group>"; };
		FA5BA5AA221E9C7900EA12BE /* FBClassStrongLayout.mm */ = {isa = PBXFileReference; lastKnownFileType = sourcecode.cpp.objcpp; path = FBClassStrongLayout.mm; sourceTree = "<group>"; };
		FA5BA5AC221E9C8A00EA12BE /* FBClassStrongLayout.h */ = {isa = PBXFileReference; lastKnownFileType = sourcecode.c.h; path = FBClassStrongLayout.h; sourceTree = "<group>"; };
		FABF1DAA222170710019E2EA /* FBIvarReference.h */ = {isa = PBXFileReference; lastKnownFileType = sourcecode.c.h; path = FBIvarReference.h; sourceTree = "<group>"; };
		FABF1DAB222170710019E2EA /* FBIvarReference.m */ = {isa = PBXFileReference; lastKnownFileType = sourcecode.c.objc; path = FBIvarReference.m; sourceTree = "<group>"; };
		FABF1DAD222172A00019E2EA /* FBObjectReference.h */ = {isa = PBXFileReference; lastKnownFileType = sourcecode.c.h; path = FBObjectReference.h; sourceTree = "<group>"; };
		FABF1DB0222178E20019E2EA /* FBObjectInStructReference.h */ = {isa = PBXFileReference; lastKnownFileType = sourcecode.c.h; path = FBObjectInStructReference.h; sourceTree = "<group>"; };
		FABF1DB1222178E20019E2EA /* FBObjectInStructReference.m */ = {isa = PBXFileReference; lastKnownFileType = sourcecode.c.objc; path = FBObjectInStructReference.m; sourceTree = "<group>"; };
		FABF1DB322217D5F0019E2EA /* FBStructEncodingParser.mm */ = {isa = PBXFileReference; lastKnownFileType = sourcecode.cpp.objcpp; path = FBStructEncodingParser.mm; sourceTree = "<group>"; };
		FABF1DB522217D6B0019E2EA /* FBStructEncodingParser.h */ = {isa = PBXFileReference; lastKnownFileType = sourcecode.c.h; path = FBStructEncodingParser.h; sourceTree = "<group>"; };
		FABF1DB622217DE60019E2EA /* Struct.h */ = {isa = PBXFileReference; lastKnownFileType = sourcecode.c.h; path = Struct.h; sourceTree = "<group>"; };
		FABF1DB722217DF70019E2EA /* Struct.mm */ = {isa = PBXFileReference; lastKnownFileType = sourcecode.cpp.objcpp; path = Struct.mm; sourceTree = "<group>"; };
		FABF1DB922217E280019E2EA /* Type.h */ = {isa = PBXFileReference; lastKnownFileType = sourcecode.c.h; path = Type.h; sourceTree = "<group>"; };
		FABF1DBA22217E550019E2EA /* BaseType.h */ = {isa = PBXFileReference; lastKnownFileType = sourcecode.c.h; path = BaseType.h; sourceTree = "<group>"; };
/* End PBXFileReference section */

/* Begin PBXFrameworksBuildPhase section */
		FA5BA561221E5ABC00EA12BE /* Frameworks */ = {
			isa = PBXFrameworksBuildPhase;
			buildActionMask = 2147483647;
			files = (
			);
			runOnlyForDeploymentPostprocessing = 0;
		};
		FA5BA579221E5ABE00EA12BE /* Frameworks */ = {
			isa = PBXFrameworksBuildPhase;
			buildActionMask = 2147483647;
			files = (
			);
			runOnlyForDeploymentPostprocessing = 0;
		};
		FA5BA584221E5ABE00EA12BE /* Frameworks */ = {
			isa = PBXFrameworksBuildPhase;
			buildActionMask = 2147483647;
			files = (
			);
			runOnlyForDeploymentPostprocessing = 0;
		};
/* End PBXFrameworksBuildPhase section */

/* Begin PBXGroup section */
		FA5BA55B221E5ABC00EA12BE = {
			isa = PBXGroup;
			children = (
				FA5BA566221E5ABC00EA12BE /* RetainCycle_fang */,
				FA5BA57F221E5ABE00EA12BE /* RetainCycle_fangTests */,
				FA5BA58A221E5ABE00EA12BE /* RetainCycle_fangUITests */,
				FA5BA565221E5ABC00EA12BE /* Products */,
			);
			sourceTree = "<group>";
		};
		FA5BA565221E5ABC00EA12BE /* Products */ = {
			isa = PBXGroup;
			children = (
				FA5BA564221E5ABC00EA12BE /* RetainCycle_fang.app */,
				FA5BA57C221E5ABE00EA12BE /* RetainCycle_fangTests.xctest */,
				FA5BA587221E5ABE00EA12BE /* RetainCycle_fangUITests.xctest */,
			);
			name = Products;
			sourceTree = "<group>";
		};
		FA5BA566221E5ABC00EA12BE /* RetainCycle_fang */ = {
			isa = PBXGroup;
			children = (
				FA5BA59D221E5B8C00EA12BE /* FFRetainCycleDetector */,
				FA5BA567221E5ABC00EA12BE /* AppDelegate.h */,
				FA5BA568221E5ABC00EA12BE /* AppDelegate.m */,
				FA5BA56A221E5ABD00EA12BE /* ViewController.h */,
				FA5BA56B221E5ABD00EA12BE /* ViewController.m */,
				FA5BA56D221E5ABD00EA12BE /* Main.storyboard */,
				FA5BA570221E5ABE00EA12BE /* Assets.xcassets */,
				FA5BA572221E5ABE00EA12BE /* LaunchScreen.storyboard */,
				FA5BA575221E5ABE00EA12BE /* Info.plist */,
				FA5BA576221E5ABE00EA12BE /* main.m */,
			);
			path = RetainCycle_fang;
			sourceTree = "<group>";
		};
		FA5BA57F221E5ABE00EA12BE /* RetainCycle_fangTests */ = {
			isa = PBXGroup;
			children = (
				FA5BA580221E5ABE00EA12BE /* RetainCycle_fangTests.m */,
				FA5BA582221E5ABE00EA12BE /* Info.plist */,
			);
			path = RetainCycle_fangTests;
			sourceTree = "<group>";
		};
		FA5BA58A221E5ABE00EA12BE /* RetainCycle_fangUITests */ = {
			isa = PBXGroup;
			children = (
				FA5BA58B221E5ABE00EA12BE /* RetainCycle_fangUITests.m */,
				FA5BA58D221E5ABE00EA12BE /* Info.plist */,
			);
			path = RetainCycle_fangUITests;
			sourceTree = "<group>";
		};
		FA5BA59D221E5B8C00EA12BE /* FFRetainCycleDetector */ = {
			isa = PBXGroup;
			children = (
				FABF1DAA222170710019E2EA /* FBIvarReference.h */,
				FABF1DAB222170710019E2EA /* FBIvarReference.m */,
				FA5BA5AC221E9C8A00EA12BE /* FBClassStrongLayout.h */,
				FA5BA5AA221E9C7900EA12BE /* FBClassStrongLayout.mm */,
				FABF1DB0222178E20019E2EA /* FBObjectInStructReference.h */,
				FABF1DB1222178E20019E2EA /* FBObjectInStructReference.m */,
				FABF1DAD222172A00019E2EA /* FBObjectReference.h */,
				FABF1DB522217D6B0019E2EA /* FBStructEncodingParser.h */,
				FABF1DB322217D5F0019E2EA /* FBStructEncodingParser.mm */,
				FABF1DB622217DE60019E2EA /* Struct.h */,
				FABF1DB722217DF70019E2EA /* Struct.mm */,
				FABF1DB922217E280019E2EA /* Type.h */,
				FABF1DBA22217E550019E2EA /* BaseType.h */,
			);
			path = FFRetainCycleDetector;
			sourceTree = "<group>";
		};
/* End PBXGroup section */

/* Begin PBXNativeTarget section */
		FA5BA563221E5ABC00EA12BE /* RetainCycle_fang */ = {
			isa = PBXNativeTarget;
			buildConfigurationList = FA5BA590221E5ABE00EA12BE /* Build configuration list for PBXNativeTarget "RetainCycle_fang" */;
			buildPhases = (
				FA5BA560221E5ABC00EA12BE /* Sources */,
				FA5BA561221E5ABC00EA12BE /* Frameworks */,
				FA5BA562221E5ABC00EA12BE /* Resources */,
			);
			buildRules = (
			);
			dependencies = (
			);
			name = RetainCycle_fang;
			productName = RetainCycle_fang;
			productReference = FA5BA564221E5ABC00EA12BE /* RetainCycle_fang.app */;
			productType = "com.apple.product-type.application";
		};
		FA5BA57B221E5ABE00EA12BE /* RetainCycle_fangTests */ = {
			isa = PBXNativeTarget;
			buildConfigurationList = FA5BA593221E5ABE00EA12BE /* Build configuration list for PBXNativeTarget "RetainCycle_fangTests" */;
			buildPhases = (
				FA5BA578221E5ABE00EA12BE /* Sources */,
				FA5BA579221E5ABE00EA12BE /* Frameworks */,
				FA5BA57A221E5ABE00EA12BE /* Resources */,
			);
			buildRules = (
			);
			dependencies = (
				FA5BA57E221E5ABE00EA12BE /* PBXTargetDependency */,
			);
			name = RetainCycle_fangTests;
			productName = RetainCycle_fangTests;
			productReference = FA5BA57C221E5ABE00EA12BE /* RetainCycle_fangTests.xctest */;
			productType = "com.apple.product-type.bundle.unit-test";
		};
		FA5BA586221E5ABE00EA12BE /* RetainCycle_fangUITests */ = {
			isa = PBXNativeTarget;
			buildConfigurationList = FA5BA596221E5ABE00EA12BE /* Build configuration list for PBXNativeTarget "RetainCycle_fangUITests" */;
			buildPhases = (
				FA5BA583221E5ABE00EA12BE /* Sources */,
				FA5BA584221E5ABE00EA12BE /* Frameworks */,
				FA5BA585221E5ABE00EA12BE /* Resources */,
			);
			buildRules = (
			);
			dependencies = (
				FA5BA589221E5ABE00EA12BE /* PBXTargetDependency */,
			);
			name = RetainCycle_fangUITests;
			productName = RetainCycle_fangUITests;
			productReference = FA5BA587221E5ABE00EA12BE /* RetainCycle_fangUITests.xctest */;
			productType = "com.apple.product-type.bundle.ui-testing";
		};
/* End PBXNativeTarget section */

/* Begin PBXProject section */
		FA5BA55C221E5ABC00EA12BE /* Project object */ = {
			isa = PBXProject;
			attributes = {
				LastUpgradeCheck = 1010;
				ORGANIZATIONNAME = com.test;
				TargetAttributes = {
					FA5BA563221E5ABC00EA12BE = {
						CreatedOnToolsVersion = 10.1;
					};
					FA5BA57B221E5ABE00EA12BE = {
						CreatedOnToolsVersion = 10.1;
						TestTargetID = FA5BA563221E5ABC00EA12BE;
					};
					FA5BA586221E5ABE00EA12BE = {
						CreatedOnToolsVersion = 10.1;
						TestTargetID = FA5BA563221E5ABC00EA12BE;
					};
				};
			};
			buildConfigurationList = FA5BA55F221E5ABC00EA12BE /* Build configuration list for PBXProject "RetainCycle_fang" */;
			compatibilityVersion = "Xcode 9.3";
			developmentRegion = en;
			hasScannedForEncodings = 0;
			knownRegions = (
				en,
				Base,
			);
			mainGroup = FA5BA55B221E5ABC00EA12BE;
			productRefGroup = FA5BA565221E5ABC00EA12BE /* Products */;
			projectDirPath = "";
			projectRoot = "";
			targets = (
				FA5BA563221E5ABC00EA12BE /* RetainCycle_fang */,
				FA5BA57B221E5ABE00EA12BE /* RetainCycle_fangTests */,
				FA5BA586221E5ABE00EA12BE /* RetainCycle_fangUITests */,
			);
		};
/* End PBXProject section */

/* Begin PBXResourcesBuildPhase section */
		FA5BA562221E5ABC00EA12BE /* Resources */ = {
			isa = PBXResourcesBuildPhase;
			buildActionMask = 2147483647;
			files = (
				FA5BA574221E5ABE00EA12BE /* LaunchScreen.storyboard in Resources */,
				FA5BA571221E5ABE00EA12BE /* Assets.xcassets in Resources */,
				FA5BA56F221E5ABD00EA12BE /* Main.storyboard in Resources */,
			);
			runOnlyForDeploymentPostprocessing = 0;
		};
		FA5BA57A221E5ABE00EA12BE /* Resources */ = {
			isa = PBXResourcesBuildPhase;
			buildActionMask = 2147483647;
			files = (
			);
			runOnlyForDeploymentPostprocessing = 0;
		};
		FA5BA585221E5ABE00EA12BE /* Resources */ = {
			isa = PBXResourcesBuildPhase;
			buildActionMask = 2147483647;
			files = (
			);
			runOnlyForDeploymentPostprocessing = 0;
		};
/* End PBXResourcesBuildPhase section */

/* Begin PBXSourcesBuildPhase section */
		FA5BA560221E5ABC00EA12BE /* Sources */ = {
			isa = PBXSourcesBuildPhase;
			buildActionMask = 2147483647;
			files = (
				FABF1DB822217DF70019E2EA /* Struct.mm in Sources */,
				FABF1DB2222178E20019E2EA /* FBObjectInStructReference.m in Sources */,
				FA5BA56C221E5ABD00EA12BE /* ViewController.m in Sources */,
				FA5BA5AB221E9C7900EA12BE /* FBClassStrongLayout.mm in Sources */,
				FA5BA577221E5ABE00EA12BE /* main.m in Sources */,
				FABF1DB422217D5F0019E2EA /* FBStructEncodingParser.mm in Sources */,
				FA5BA569221E5ABC00EA12BE /* AppDelegate.m in Sources */,
				FABF1DAC222170710019E2EA /* FBIvarReference.m in Sources */,
			);
			runOnlyForDeploymentPostprocessing = 0;
		};
		FA5BA578221E5ABE00EA12BE /* Sources */ = {
			isa = PBXSourcesBuildPhase;
			buildActionMask = 2147483647;
			files = (
				FA5BA581221E5ABE00EA12BE /* RetainCycle_fangTests.m in Sources */,
			);
			runOnlyForDeploymentPostprocessing = 0;
		};
		FA5BA583221E5ABE00EA12BE /* Sources */ = {
			isa = PBXSourcesBuildPhase;
			buildActionMask = 2147483647;
			files = (
				FA5BA58C221E5ABE00EA12BE /* RetainCycle_fangUITests.m in Sources */,
			);
			runOnlyForDeploymentPostprocessing = 0;
		};
/* End PBXSourcesBuildPhase section */

/* Begin PBXTargetDependency section */
		FA5BA57E221E5ABE00EA12BE /* PBXTargetDependency */ = {
			isa = PBXTargetDependency;
			target = FA5BA563221E5ABC00EA12BE /* RetainCycle_fang */;
			targetProxy = FA5BA57D221E5ABE00EA12BE /* PBXContainerItemProxy */;
		};
		FA5BA589221E5ABE00EA12BE /* PBXTargetDependency */ = {
			isa = PBXTargetDependency;
			target = FA5BA563221E5ABC00EA12BE /* RetainCycle_fang */;
			targetProxy = FA5BA588221E5ABE00EA12BE /* PBXContainerItemProxy */;
		};
/* End PBXTargetDependency section */

/* Begin PBXVariantGroup section */
		FA5BA56D221E5ABD00EA12BE /* Main.storyboard */ = {
			isa = PBXVariantGroup;
			children = (
				FA5BA56E221E5ABD00EA12BE /* Base */,
			);
			name = Main.storyboard;
			sourceTree = "<group>";
		};
		FA5BA572221E5ABE00EA12BE /* LaunchScreen.storyboard */ = {
			isa = PBXVariantGroup;
			children = (
				FA5BA573221E5ABE00EA12BE /* Base */,
			);
			name = LaunchScreen.storyboard;
			sourceTree = "<group>";
		};
/* End PBXVariantGroup section */

/* Begin XCBuildConfiguration section */
		FA5BA58E221E5ABE00EA12BE /* Debug */ = {
			isa = XCBuildConfiguration;
			buildSettings = {
				ALWAYS_SEARCH_USER_PATHS = NO;
				CLANG_ANALYZER_NONNULL = YES;
				CLANG_ANALYZER_NUMBER_OBJECT_CONVERSION = YES_AGGRESSIVE;
				CLANG_CXX_LANGUAGE_STANDARD = "gnu++14";
				CLANG_CXX_LIBRARY = "libc++";
				CLANG_ENABLE_MODULES = YES;
				CLANG_ENABLE_OBJC_ARC = YES;
				CLANG_ENABLE_OBJC_WEAK = YES;
				CLANG_WARN_BLOCK_CAPTURE_AUTORELEASING = YES;
				CLANG_WARN_BOOL_CONVERSION = YES;
				CLANG_WARN_COMMA = YES;
				CLANG_WARN_CONSTANT_CONVERSION = YES;
				CLANG_WARN_DEPRECATED_OBJC_IMPLEMENTATIONS = YES;
				CLANG_WARN_DIRECT_OBJC_ISA_USAGE = YES_ERROR;
				CLANG_WARN_DOCUMENTATION_COMMENTS = YES;
				CLANG_WARN_EMPTY_BODY = YES;
				CLANG_WARN_ENUM_CONVERSION = YES;
				CLANG_WARN_INFINITE_RECURSION = YES;
				CLANG_WARN_INT_CONVERSION = YES;
				CLANG_WARN_NON_LITERAL_NULL_CONVERSION = YES;
				CLANG_WARN_OBJC_IMPLICIT_RETAIN_SELF = YES;
				CLANG_WARN_OBJC_LITERAL_CONVERSION = YES;
				CLANG_WARN_OBJC_ROOT_CLASS = YES_ERROR;
				CLANG_WARN_RANGE_LOOP_ANALYSIS = YES;
				CLANG_WARN_STRICT_PROTOTYPES = YES;
				CLANG_WARN_SUSPICIOUS_MOVE = YES;
				CLANG_WARN_UNGUARDED_AVAILABILITY = YES_AGGRESSIVE;
				CLANG_WARN_UNREACHABLE_CODE = YES;
				CLANG_WARN__DUPLICATE_METHOD_MATCH = YES;
				CODE_SIGN_IDENTITY = "iPhone Developer";
				COPY_PHASE_STRIP = NO;
				DEBUG_INFORMATION_FORMAT = dwarf;
				ENABLE_STRICT_OBJC_MSGSEND = YES;
				ENABLE_TESTABILITY = YES;
				GCC_C_LANGUAGE_STANDARD = gnu11;
				GCC_DYNAMIC_NO_PIC = NO;
				GCC_NO_COMMON_BLOCKS = YES;
				GCC_OPTIMIZATION_LEVEL = 0;
				GCC_PREPROCESSOR_DEFINITIONS = (
					"DEBUG=1",
					"$(inherited)",
				);
				GCC_WARN_64_TO_32_BIT_CONVERSION = YES;
				GCC_WARN_ABOUT_RETURN_TYPE = YES_ERROR;
				GCC_WARN_UNDECLARED_SELECTOR = YES;
				GCC_WARN_UNINITIALIZED_AUTOS = YES_AGGRESSIVE;
				GCC_WARN_UNUSED_FUNCTION = YES;
				GCC_WARN_UNUSED_VARIABLE = YES;
				IPHONEOS_DEPLOYMENT_TARGET = 12.1;
				MTL_ENABLE_DEBUG_INFO = INCLUDE_SOURCE;
				MTL_FAST_MATH = YES;
				ONLY_ACTIVE_ARCH = YES;
				SDKROOT = iphoneos;
			};
			name = Debug;
		};
		FA5BA58F221E5ABE00EA12BE /* Release */ = {
			isa = XCBuildConfiguration;
			buildSettings = {
				ALWAYS_SEARCH_USER_PATHS = NO;
				CLANG_ANALYZER_NONNULL = YES;
				CLANG_ANALYZER_NUMBER_OBJECT_CONVERSION = YES_AGGRESSIVE;
				CLANG_CXX_LANGUAGE_STANDARD = "gnu++14";
				CLANG_CXX_LIBRARY = "libc++";
				CLANG_ENABLE_MODULES = YES;
				CLANG_ENABLE_OBJC_ARC = YES;
				CLANG_ENABLE_OBJC_WEAK = YES;
				CLANG_WARN_BLOCK_CAPTURE_AUTORELEASING = YES;
				CLANG_WARN_BOOL_CONVERSION = YES;
				CLANG_WARN_COMMA = YES;
				CLANG_WARN_CONSTANT_CONVERSION = YES;
				CLANG_WARN_DEPRECATED_OBJC_IMPLEMENTATIONS = YES;
				CLANG_WARN_DIRECT_OBJC_ISA_USAGE = YES_ERROR;
				CLANG_WARN_DOCUMENTATION_COMMENTS = YES;
				CLANG_WARN_EMPTY_BODY = YES;
				CLANG_WARN_ENUM_CONVERSION = YES;
				CLANG_WARN_INFINITE_RECURSION = YES;
				CLANG_WARN_INT_CONVERSION = YES;
				CLANG_WARN_NON_LITERAL_NULL_CONVERSION = YES;
				CLANG_WARN_OBJC_IMPLICIT_RETAIN_SELF = YES;
				CLANG_WARN_OBJC_LITERAL_CONVERSION = YES;
				CLANG_WARN_OBJC_ROOT_CLASS = YES_ERROR;
				CLANG_WARN_RANGE_LOOP_ANALYSIS = YES;
				CLANG_WARN_STRICT_PROTOTYPES = YES;
				CLANG_WARN_SUSPICIOUS_MOVE = YES;
				CLANG_WARN_UNGUARDED_AVAILABILITY = YES_AGGRESSIVE;
				CLANG_WARN_UNREACHABLE_CODE = YES;
				CLANG_WARN__DUPLICATE_METHOD_MATCH = YES;
				CODE_SIGN_IDENTITY = "iPhone Developer";
				COPY_PHASE_STRIP = NO;
				DEBUG_INFORMATION_FORMAT = "dwarf-with-dsym";
				ENABLE_NS_ASSERTIONS = NO;
				ENABLE_STRICT_OBJC_MSGSEND = YES;
				GCC_C_LANGUAGE_STANDARD = gnu11;
				GCC_NO_COMMON_BLOCKS = YES;
				GCC_WARN_64_TO_32_BIT_CONVERSION = YES;
				GCC_WARN_ABOUT_RETURN_TYPE = YES_ERROR;
				GCC_WARN_UNDECLARED_SELECTOR = YES;
				GCC_WARN_UNINITIALIZED_AUTOS = YES_AGGRESSIVE;
				GCC_WARN_UNUSED_FUNCTION = YES;
				GCC_WARN_UNUSED_VARIABLE = YES;
				IPHONEOS_DEPLOYMENT_TARGET = 12.1;
				MTL_ENABLE_DEBUG_INFO = NO;
				MTL_FAST_MATH = YES;
				SDKROOT = iphoneos;
				VALIDATE_PRODUCT = YES;
			};
			name = Release;
		};
		FA5BA591221E5ABE00EA12BE /* Debug */ = {
			isa = XCBuildConfiguration;
			buildSettings = {
				ASSETCATALOG_COMPILER_APPICON_NAME = AppIcon;
				CODE_SIGN_STYLE = Automatic;
				INFOPLIST_FILE = RetainCycle_fang/Info.plist;
				LD_RUNPATH_SEARCH_PATHS = (
					"$(inherited)",
					"@executable_path/Frameworks",
				);
				PRODUCT_BUNDLE_IDENTIFIER = "com.momo.RetainCycle-fang";
				PRODUCT_NAME = "$(TARGET_NAME)";
				TARGETED_DEVICE_FAMILY = "1,2";
			};
			name = Debug;
		};
		FA5BA592221E5ABE00EA12BE /* Release */ = {
			isa = XCBuildConfiguration;
			buildSettings = {
				ASSETCATALOG_COMPILER_APPICON_NAME = AppIcon;
				CODE_SIGN_STYLE = Automatic;
				INFOPLIST_FILE = RetainCycle_fang/Info.plist;
				LD_RUNPATH_SEARCH_PATHS = (
					"$(inherited)",
					"@executable_path/Frameworks",
				);
				PRODUCT_BUNDLE_IDENTIFIER = "com.momo.RetainCycle-fang";
				PRODUCT_NAME = "$(TARGET_NAME)";
				TARGETED_DEVICE_FAMILY = "1,2";
			};
			name = Release;
		};
		FA5BA594221E5ABE00EA12BE /* Debug */ = {
			isa = XCBuildConfiguration;
			buildSettings = {
				BUNDLE_LOADER = "$(TEST_HOST)";
				CODE_SIGN_STYLE = Automatic;
				INFOPLIST_FILE = RetainCycle_fangTests/Info.plist;
				LD_RUNPATH_SEARCH_PATHS = (
					"$(inherited)",
					"@executable_path/Frameworks",
					"@loader_path/Frameworks",
				);
				PRODUCT_BUNDLE_IDENTIFIER = "com.momo.RetainCycle-fangTests";
				PRODUCT_NAME = "$(TARGET_NAME)";
				TARGETED_DEVICE_FAMILY = "1,2";
				TEST_HOST = "$(BUILT_PRODUCTS_DIR)/RetainCycle_fang.app/RetainCycle_fang";
			};
			name = Debug;
		};
		FA5BA595221E5ABE00EA12BE /* Release */ = {
			isa = XCBuildConfiguration;
			buildSettings = {
				BUNDLE_LOADER = "$(TEST_HOST)";
				CODE_SIGN_STYLE = Automatic;
				INFOPLIST_FILE = RetainCycle_fangTests/Info.plist;
				LD_RUNPATH_SEARCH_PATHS = (
					"$(inherited)",
					"@executable_path/Frameworks",
					"@loader_path/Frameworks",
				);
				PRODUCT_BUNDLE_IDENTIFIER = "com.momo.RetainCycle-fangTests";
				PRODUCT_NAME = "$(TARGET_NAME)";
				TARGETED_DEVICE_FAMILY = "1,2";
				TEST_HOST = "$(BUILT_PRODUCTS_DIR)/RetainCycle_fang.app/RetainCycle_fang";
			};
			name = Release;
		};
		FA5BA597221E5ABE00EA12BE /* Debug */ = {
			isa = XCBuildConfiguration;
			buildSettings = {
				CODE_SIGN_STYLE = Automatic;
				INFOPLIST_FILE = RetainCycle_fangUITests/Info.plist;
				LD_RUNPATH_SEARCH_PATHS = (
					"$(inherited)",
					"@executable_path/Frameworks",
					"@loader_path/Frameworks",
				);
				PRODUCT_BUNDLE_IDENTIFIER = "com.momo.RetainCycle-fangUITests";
				PRODUCT_NAME = "$(TARGET_NAME)";
				TARGETED_DEVICE_FAMILY = "1,2";
				TEST_TARGET_NAME = RetainCycle_fang;
			};
			name = Debug;
		};
		FA5BA598221E5ABE00EA12BE /* Release */ = {
			isa = XCBuildConfiguration;
			buildSettings = {
				CODE_SIGN_STYLE = Automatic;
				INFOPLIST_FILE = RetainCycle_fangUITests/Info.plist;
				LD_RUNPATH_SEARCH_PATHS = (
					"$(inherited)",
					"@executable_path/Frameworks",
					"@loader_path/Frameworks",
				);
				PRODUCT_BUNDLE_IDENTIFIER = "com.momo.RetainCycle-fangUITests";
				PRODUCT_NAME = "$(TARGET_NAME)";
				TARGETED_DEVICE_FAMILY = "1,2";
				TEST_TARGET_NAME = RetainCycle_fang;
			};
			name = Release;
		};
/* End XCBuildConfiguration section */

/* Begin XCConfigurationList section */
		FA5BA55F221E5ABC00EA12BE /* Build configuration list for PBXProject "RetainCycle_fang" */ = {
			isa = XCConfigurationList;
			buildConfigurations = (
				FA5BA58E221E5ABE00EA12BE /* Debug */,
				FA5BA58F221E5ABE00EA12BE /* Release */,
			);
			defaultConfigurationIsVisible = 0;
			defaultConfigurationName = Release;
		};
		FA5BA590221E5ABE00EA12BE /* Build configuration list for PBXNativeTarget "RetainCycle_fang" */ = {
			isa = XCConfigurationList;
			buildConfigurations = (
				FA5BA591221E5ABE00EA12BE /* Debug */,
				FA5BA592221E5ABE00EA12BE /* Release */,
			);
			defaultConfigurationIsVisible = 0;
			defaultConfigurationName = Release;
		};
		FA5BA593221E5ABE00EA12BE /* Build configuration list for PBXNativeTarget "RetainCycle_fangTests" */ = {
			isa = XCConfigurationList;
			buildConfigurations = (
				FA5BA594221E5ABE00EA12BE /* Debug */,
				FA5BA595221E5ABE00EA12BE /* Release */,
			);
			defaultConfigurationIsVisible = 0;
			defaultConfigurationName = Release;
		};
		FA5BA596221E5ABE00EA12BE /* Build configuration list for PBXNativeTarget "RetainCycle_fangUITests" */ = {
			isa = XCConfigurationList;
			buildConfigurations = (
				FA5BA597221E5ABE00EA12BE /* Debug */,
				FA5BA598221E5ABE00EA12BE /* Release */,
			);
			defaultConfigurationIsVisible = 0;
			defaultConfigurationName = Release;
		};
/* End XCConfigurationList section */
	};
	rootObject = FA5BA55C221E5ABC00EA12BE /* Project object */;
}
